// !$*UTF8*$!
{
	archiveVersion = 1;
	classes = {
	};
	objectVersion = 52;
	objects = {

/* Begin PBXBuildFile section */
		6D00E9672635A9B8008EF6A1 /* BreedPhotoErrorCell.swift in Sources */ = {isa = PBXBuildFile; fileRef = 6D00E9662635A9B8008EF6A1 /* BreedPhotoErrorCell.swift */; };
		6D26832A262F7E35007591E2 /* AppDelegate.swift in Sources */ = {isa = PBXBuildFile; fileRef = 6D268329262F7E35007591E2 /* AppDelegate.swift */; };
		6D26832C262F7E35007591E2 /* SceneDelegate.swift in Sources */ = {isa = PBXBuildFile; fileRef = 6D26832B262F7E35007591E2 /* SceneDelegate.swift */; };
		6D26832E262F7E35007591E2 /* BreedListViewController.swift in Sources */ = {isa = PBXBuildFile; fileRef = 6D26832D262F7E35007591E2 /* BreedListViewController.swift */; };
		6D268333262F7E35007591E2 /* Assets.xcassets in Resources */ = {isa = PBXBuildFile; fileRef = 6D268332262F7E35007591E2 /* Assets.xcassets */; };
		6D268336262F7E35007591E2 /* LaunchScreen.storyboard in Resources */ = {isa = PBXBuildFile; fileRef = 6D268334262F7E35007591E2 /* LaunchScreen.storyboard */; };
		6D26834C262F7E36007591E2 /* TikDogUITests.swift in Sources */ = {isa = PBXBuildFile; fileRef = 6D26834B262F7E36007591E2 /* TikDogUITests.swift */; };
		6D268363262F80C0007591E2 /* WebService.swift in Sources */ = {isa = PBXBuildFile; fileRef = 6D268362262F80C0007591E2 /* WebService.swift */; };
		6D268368262F80CD007591E2 /* DogAPIServiceTests.swift in Sources */ = {isa = PBXBuildFile; fileRef = 6D268367262F80CD007591E2 /* DogAPIServiceTests.swift */; };
		6D26836D262F8152007591E2 /* BreedPhotosViewController.swift in Sources */ = {isa = PBXBuildFile; fileRef = 6D26836C262F8152007591E2 /* BreedPhotosViewController.swift */; };
		6D404F2D2630A7D300ED67CF /* BreedCell.swift in Sources */ = {isa = PBXBuildFile; fileRef = 6D404F2C2630A7D300ED67CF /* BreedCell.swift */; };
		6D404F372630E11B00ED67CF /* App.swift in Sources */ = {isa = PBXBuildFile; fileRef = 6D404F362630E11B00ED67CF /* App.swift */; };
		6D404F3C2630E1E700ED67CF /* Breed.swift in Sources */ = {isa = PBXBuildFile; fileRef = 6D404F3B2630E1E700ED67CF /* Breed.swift */; };
		6D404F432630E24500ED67CF /* ErrorMessageCell.swift in Sources */ = {isa = PBXBuildFile; fileRef = 6D404F422630E24500ED67CF /* ErrorMessageCell.swift */; };
		6D75EF96263393F9003D09F3 /* ImageLoader.swift in Sources */ = {isa = PBXBuildFile; fileRef = 6D75EF95263393F9003D09F3 /* ImageLoader.swift */; };
		6D75EF9B263398E6003D09F3 /* BreedPhotoCell.swift in Sources */ = {isa = PBXBuildFile; fileRef = 6D75EF9A263398E6003D09F3 /* BreedPhotoCell.swift */; };
		6D75EFA5263399C9003D09F3 /* BreedPhotosDataSource.swift in Sources */ = {isa = PBXBuildFile; fileRef = 6D75EFA4263399C9003D09F3 /* BreedPhotosDataSource.swift */; };
		6D75EFB626359BE6003D09F3 /* ShimmerView.swift in Sources */ = {isa = PBXBuildFile; fileRef = 6D75EFB526359BE6003D09F3 /* ShimmerView.swift */; };
		6D9163C12635CB9000A957F3 /* BreedPhotosViewController+collectionLayout.swift in Sources */ = {isa = PBXBuildFile; fileRef = 6D9163C02635CB9000A957F3 /* BreedPhotosViewController+collectionLayout.swift */; };
		6D9163D22635CDDD00A957F3 /* BreedListDataSource.swift in Sources */ = {isa = PBXBuildFile; fileRef = 6D9163D12635CDDD00A957F3 /* BreedListDataSource.swift */; };
		6D9163D82635D48E00A957F3 /* ErrorView.swift in Sources */ = {isa = PBXBuildFile; fileRef = 6D9163D72635D48E00A957F3 /* ErrorView.swift */; };
		6D9163E12635D4EB00A957F3 /* Loadable.swift in Sources */ = {isa = PBXBuildFile; fileRef = 6D9163E02635D4EB00A957F3 /* Loadable.swift */; };
		6DA918522635D52F00810234 /* WebService+mocks.swift in Sources */ = {isa = PBXBuildFile; fileRef = 6DA918512635D52F00810234 /* WebService+mocks.swift */; };
		6DA918632635E2FA00810234 /* PhotoItem.swift in Sources */ = {isa = PBXBuildFile; fileRef = 6DA918622635E2FA00810234 /* PhotoItem.swift */; };
		6DFE7FF32635E8DF00FA95F1 /* AppTests.swift in Sources */ = {isa = PBXBuildFile; fileRef = 6DFE7FF22635E8DF00FA95F1 /* AppTests.swift */; };
		6DFE7FFD2635EE2A00FA95F1 /* BreedTests.swift in Sources */ = {isa = PBXBuildFile; fileRef = 6DFE7FFC2635EE2A00FA95F1 /* BreedTests.swift */; };
		6DFE80052635EED800FA95F1 /* BreedListResponse.swift in Sources */ = {isa = PBXBuildFile; fileRef = 6DFE80042635EED800FA95F1 /* BreedListResponse.swift */; };
		6DFE800A2635EEF200FA95F1 /* BreedListResponseTests.swift in Sources */ = {isa = PBXBuildFile; fileRef = 6DFE80092635EEF200FA95F1 /* BreedListResponseTests.swift */; };
		6DFE801D2635F1C300FA95F1 /* ShimmerViewTests.swift in Sources */ = {isa = PBXBuildFile; fileRef = 6DFE801C2635F1C300FA95F1 /* ShimmerViewTests.swift */; };
		6DFE80232635F6D900FA95F1 /* ErrorViewTests.swift in Sources */ = {isa = PBXBuildFile; fileRef = 6DFE80222635F6D900FA95F1 /* ErrorViewTests.swift */; };
		6DFE802D2635FA5900FA95F1 /* BreedCellTests.swift in Sources */ = {isa = PBXBuildFile; fileRef = 6DFE802C2635FA5900FA95F1 /* BreedCellTests.swift */; };
		6DFE80352635FACD00FA95F1 /* ErrorMessageCellTests.swift in Sources */ = {isa = PBXBuildFile; fileRef = 6DFE80342635FACD00FA95F1 /* ErrorMessageCellTests.swift */; };
		6DFE803A2635FB8200FA95F1 /* BreedListViewControllerTests.swift in Sources */ = {isa = PBXBuildFile; fileRef = 6DFE80392635FB8200FA95F1 /* BreedListViewControllerTests.swift */; };
		6DFE803F263606C900FA95F1 /* BreedListDataSourceTests.swift in Sources */ = {isa = PBXBuildFile; fileRef = 6DFE803E263606C900FA95F1 /* BreedListDataSourceTests.swift */; };
		6DFE804726360C8100FA95F1 /* BreedPhotoErrorCellTests.swift in Sources */ = {isa = PBXBuildFile; fileRef = 6DFE804626360C8100FA95F1 /* BreedPhotoErrorCellTests.swift */; };
		6DFE805526360EB700FA95F1 /* BreedPhotosViewControllerTests.swift in Sources */ = {isa = PBXBuildFile; fileRef = 6DFE805426360EB700FA95F1 /* BreedPhotosViewControllerTests.swift */; };
		6DFE805A2636126E00FA95F1 /* BreedPhotosDataSourceTests.swift in Sources */ = {isa = PBXBuildFile; fileRef = 6DFE80592636126E00FA95F1 /* BreedPhotosDataSourceTests.swift */; };
		6DFE806C263615E500FA95F1 /* PhotoPage.swift in Sources */ = {isa = PBXBuildFile; fileRef = 6DFE805E2636156400FA95F1 /* PhotoPage.swift */; };
		6DFE807426361C9C00FA95F1 /* PhotoPageTests.swift in Sources */ = {isa = PBXBuildFile; fileRef = 6DFE807326361C9C00FA95F1 /* PhotoPageTests.swift */; };
		6DFE80B0263621FA00FA95F1 /* BreedPhotoErrorCellSnapshotTests.swift in Sources */ = {isa = PBXBuildFile; fileRef = 6DFE808426361FB800FA95F1 /* BreedPhotoErrorCellSnapshotTests.swift */; };
		6DFE80B72636223000FA95F1 /* SnapshotTesting in Frameworks */ = {isa = PBXBuildFile; productRef = 6DFE80B62636223000FA95F1 /* SnapshotTesting */; };
		6DFE80BD2636228A00FA95F1 /* BreedPhotoCellSnapshotTests.swift in Sources */ = {isa = PBXBuildFile; fileRef = 6DFE80BC2636228A00FA95F1 /* BreedPhotoCellSnapshotTests.swift */; };
		6DFE80C72636244C00FA95F1 /* BreedListViewControllerSnapshotTests.swift in Sources */ = {isa = PBXBuildFile; fileRef = 6DFE80C62636244C00FA95F1 /* BreedListViewControllerSnapshotTests.swift */; };
		6DFE80CD263625D000FA95F1 /* BreedPhotosViewControllerSnapshotTests.swift in Sources */ = {isa = PBXBuildFile; fileRef = 6DFE80CC263625D000FA95F1 /* BreedPhotosViewControllerSnapshotTests.swift */; };
		6DFE80D3263626D900FA95F1 /* MockImages.xcassets in Resources */ = {isa = PBXBuildFile; fileRef = 6DFE80D2263626D900FA95F1 /* MockImages.xcassets */; };
/* End PBXBuildFile section */

/* Begin PBXContainerItemProxy section */
		6D26833D262F7E36007591E2 /* PBXContainerItemProxy */ = {
			isa = PBXContainerItemProxy;
			containerPortal = 6D26831E262F7E35007591E2 /* Project object */;
			proxyType = 1;
			remoteGlobalIDString = 6D268325262F7E35007591E2;
			remoteInfo = TikDog;
		};
		6D268348262F7E36007591E2 /* PBXContainerItemProxy */ = {
			isa = PBXContainerItemProxy;
			containerPortal = 6D26831E262F7E35007591E2 /* Project object */;
			proxyType = 1;
			remoteGlobalIDString = 6D268325262F7E35007591E2;
			remoteInfo = TikDog;
		};
		6DFE80922636218400FA95F1 /* PBXContainerItemProxy */ = {
			isa = PBXContainerItemProxy;
			containerPortal = 6D26831E262F7E35007591E2 /* Project object */;
			proxyType = 1;
			remoteGlobalIDString = 6D268325262F7E35007591E2;
			remoteInfo = TikDog;
		};
/* End PBXContainerItemProxy section */

/* Begin PBXFileReference section */
		6D00E9662635A9B8008EF6A1 /* BreedPhotoErrorCell.swift */ = {isa = PBXFileReference; lastKnownFileType = sourcecode.swift; path = BreedPhotoErrorCell.swift; sourceTree = "<group>"; };
		6D268326262F7E35007591E2 /* TikDog.app */ = {isa = PBXFileReference; explicitFileType = wrapper.application; includeInIndex = 0; path = TikDog.app; sourceTree = BUILT_PRODUCTS_DIR; };
		6D268329262F7E35007591E2 /* AppDelegate.swift */ = {isa = PBXFileReference; lastKnownFileType = sourcecode.swift; path = AppDelegate.swift; sourceTree = "<group>"; };
		6D26832B262F7E35007591E2 /* SceneDelegate.swift */ = {isa = PBXFileReference; lastKnownFileType = sourcecode.swift; path = SceneDelegate.swift; sourceTree = "<group>"; };
		6D26832D262F7E35007591E2 /* BreedListViewController.swift */ = {isa = PBXFileReference; lastKnownFileType = sourcecode.swift; path = BreedListViewController.swift; sourceTree = "<group>"; };
		6D268332262F7E35007591E2 /* Assets.xcassets */ = {isa = PBXFileReference; lastKnownFileType = folder.assetcatalog; path = Assets.xcassets; sourceTree = "<group>"; };
		6D268335262F7E35007591E2 /* Base */ = {isa = PBXFileReference; lastKnownFileType = file.storyboard; name = Base; path = Base.lproj/LaunchScreen.storyboard; sourceTree = "<group>"; };
		6D268337262F7E35007591E2 /* Info.plist */ = {isa = PBXFileReference; lastKnownFileType = text.plist.xml; path = Info.plist; sourceTree = "<group>"; };
		6D26833C262F7E36007591E2 /* TikDogTests.xctest */ = {isa = PBXFileReference; explicitFileType = wrapper.cfbundle; includeInIndex = 0; path = TikDogTests.xctest; sourceTree = BUILT_PRODUCTS_DIR; };
		6D268342262F7E36007591E2 /* Info.plist */ = {isa = PBXFileReference; lastKnownFileType = text.plist.xml; path = Info.plist; sourceTree = "<group>"; };
		6D268347262F7E36007591E2 /* TikDogUITests.xctest */ = {isa = PBXFileReference; explicitFileType = wrapper.cfbundle; includeInIndex = 0; path = TikDogUITests.xctest; sourceTree = BUILT_PRODUCTS_DIR; };
		6D26834B262F7E36007591E2 /* TikDogUITests.swift */ = {isa = PBXFileReference; lastKnownFileType = sourcecode.swift; path = TikDogUITests.swift; sourceTree = "<group>"; };
		6D26834D262F7E36007591E2 /* Info.plist */ = {isa = PBXFileReference; lastKnownFileType = text.plist.xml; path = Info.plist; sourceTree = "<group>"; };
		6D268362262F80C0007591E2 /* WebService.swift */ = {isa = PBXFileReference; lastKnownFileType = sourcecode.swift; path = WebService.swift; sourceTree = "<group>"; };
		6D268367262F80CD007591E2 /* DogAPIServiceTests.swift */ = {isa = PBXFileReference; lastKnownFileType = sourcecode.swift; path = DogAPIServiceTests.swift; sourceTree = "<group>"; };
		6D26836C262F8152007591E2 /* BreedPhotosViewController.swift */ = {isa = PBXFileReference; lastKnownFileType = sourcecode.swift; path = BreedPhotosViewController.swift; sourceTree = "<group>"; };
		6D404F2C2630A7D300ED67CF /* BreedCell.swift */ = {isa = PBXFileReference; lastKnownFileType = sourcecode.swift; path = BreedCell.swift; sourceTree = "<group>"; };
		6D404F362630E11B00ED67CF /* App.swift */ = {isa = PBXFileReference; lastKnownFileType = sourcecode.swift; path = App.swift; sourceTree = "<group>"; };
		6D404F3B2630E1E700ED67CF /* Breed.swift */ = {isa = PBXFileReference; lastKnownFileType = sourcecode.swift; path = Breed.swift; sourceTree = "<group>"; };
		6D404F422630E24500ED67CF /* ErrorMessageCell.swift */ = {isa = PBXFileReference; lastKnownFileType = sourcecode.swift; path = ErrorMessageCell.swift; sourceTree = "<group>"; };
		6D75EF95263393F9003D09F3 /* ImageLoader.swift */ = {isa = PBXFileReference; lastKnownFileType = sourcecode.swift; path = ImageLoader.swift; sourceTree = "<group>"; };
		6D75EF9A263398E6003D09F3 /* BreedPhotoCell.swift */ = {isa = PBXFileReference; lastKnownFileType = sourcecode.swift; path = BreedPhotoCell.swift; sourceTree = "<group>"; };
		6D75EFA4263399C9003D09F3 /* BreedPhotosDataSource.swift */ = {isa = PBXFileReference; lastKnownFileType = sourcecode.swift; path = BreedPhotosDataSource.swift; sourceTree = "<group>"; };
		6D75EFB526359BE6003D09F3 /* ShimmerView.swift */ = {isa = PBXFileReference; lastKnownFileType = sourcecode.swift; path = ShimmerView.swift; sourceTree = "<group>"; };
		6D9163C02635CB9000A957F3 /* BreedPhotosViewController+collectionLayout.swift */ = {isa = PBXFileReference; lastKnownFileType = sourcecode.swift; path = "BreedPhotosViewController+collectionLayout.swift"; sourceTree = "<group>"; };
		6D9163D12635CDDD00A957F3 /* BreedListDataSource.swift */ = {isa = PBXFileReference; lastKnownFileType = sourcecode.swift; path = BreedListDataSource.swift; sourceTree = "<group>"; };
		6D9163D72635D48E00A957F3 /* ErrorView.swift */ = {isa = PBXFileReference; lastKnownFileType = sourcecode.swift; path = ErrorView.swift; sourceTree = "<group>"; };
		6D9163E02635D4EB00A957F3 /* Loadable.swift */ = {isa = PBXFileReference; lastKnownFileType = sourcecode.swift; path = Loadable.swift; sourceTree = "<group>"; };
		6DA918512635D52F00810234 /* WebService+mocks.swift */ = {isa = PBXFileReference; lastKnownFileType = sourcecode.swift; path = "WebService+mocks.swift"; sourceTree = "<group>"; };
		6DA918622635E2FA00810234 /* PhotoItem.swift */ = {isa = PBXFileReference; lastKnownFileType = sourcecode.swift; path = PhotoItem.swift; sourceTree = "<group>"; };
		6DFE7FF22635E8DF00FA95F1 /* AppTests.swift */ = {isa = PBXFileReference; lastKnownFileType = sourcecode.swift; path = AppTests.swift; sourceTree = "<group>"; };
		6DFE7FFC2635EE2A00FA95F1 /* BreedTests.swift */ = {isa = PBXFileReference; lastKnownFileType = sourcecode.swift; path = BreedTests.swift; sourceTree = "<group>"; };
		6DFE80042635EED800FA95F1 /* BreedListResponse.swift */ = {isa = PBXFileReference; lastKnownFileType = sourcecode.swift; path = BreedListResponse.swift; sourceTree = "<group>"; };
		6DFE80092635EEF200FA95F1 /* BreedListResponseTests.swift */ = {isa = PBXFileReference; lastKnownFileType = sourcecode.swift; path = BreedListResponseTests.swift; sourceTree = "<group>"; };
		6DFE801C2635F1C300FA95F1 /* ShimmerViewTests.swift */ = {isa = PBXFileReference; lastKnownFileType = sourcecode.swift; path = ShimmerViewTests.swift; sourceTree = "<group>"; };
		6DFE80222635F6D900FA95F1 /* ErrorViewTests.swift */ = {isa = PBXFileReference; lastKnownFileType = sourcecode.swift; path = ErrorViewTests.swift; sourceTree = "<group>"; };
		6DFE802C2635FA5900FA95F1 /* BreedCellTests.swift */ = {isa = PBXFileReference; lastKnownFileType = sourcecode.swift; path = BreedCellTests.swift; sourceTree = "<group>"; };
		6DFE80342635FACD00FA95F1 /* ErrorMessageCellTests.swift */ = {isa = PBXFileReference; lastKnownFileType = sourcecode.swift; path = ErrorMessageCellTests.swift; sourceTree = "<group>"; };
		6DFE80392635FB8200FA95F1 /* BreedListViewControllerTests.swift */ = {isa = PBXFileReference; lastKnownFileType = sourcecode.swift; path = BreedListViewControllerTests.swift; sourceTree = "<group>"; };
		6DFE803E263606C900FA95F1 /* BreedListDataSourceTests.swift */ = {isa = PBXFileReference; lastKnownFileType = sourcecode.swift; path = BreedListDataSourceTests.swift; sourceTree = "<group>"; };
		6DFE804626360C8100FA95F1 /* BreedPhotoErrorCellTests.swift */ = {isa = PBXFileReference; lastKnownFileType = sourcecode.swift; path = BreedPhotoErrorCellTests.swift; sourceTree = "<group>"; };
		6DFE805426360EB700FA95F1 /* BreedPhotosViewControllerTests.swift */ = {isa = PBXFileReference; lastKnownFileType = sourcecode.swift; path = BreedPhotosViewControllerTests.swift; sourceTree = "<group>"; };
		6DFE80592636126E00FA95F1 /* BreedPhotosDataSourceTests.swift */ = {isa = PBXFileReference; lastKnownFileType = sourcecode.swift; path = BreedPhotosDataSourceTests.swift; sourceTree = "<group>"; };
		6DFE805E2636156400FA95F1 /* PhotoPage.swift */ = {isa = PBXFileReference; lastKnownFileType = sourcecode.swift; path = PhotoPage.swift; sourceTree = "<group>"; };
		6DFE807326361C9C00FA95F1 /* PhotoPageTests.swift */ = {isa = PBXFileReference; lastKnownFileType = sourcecode.swift; path = PhotoPageTests.swift; sourceTree = "<group>"; };
		6DFE808426361FB800FA95F1 /* BreedPhotoErrorCellSnapshotTests.swift */ = {isa = PBXFileReference; lastKnownFileType = sourcecode.swift; path = BreedPhotoErrorCellSnapshotTests.swift; sourceTree = "<group>"; };
		6DFE808D2636218400FA95F1 /* TikDogSnapshotTests.xctest */ = {isa = PBXFileReference; explicitFileType = wrapper.cfbundle; includeInIndex = 0; path = TikDogSnapshotTests.xctest; sourceTree = BUILT_PRODUCTS_DIR; };
		6DFE80912636218400FA95F1 /* Info.plist */ = {isa = PBXFileReference; lastKnownFileType = text.plist.xml; path = Info.plist; sourceTree = "<group>"; };
		6DFE80BC2636228A00FA95F1 /* BreedPhotoCellSnapshotTests.swift */ = {isa = PBXFileReference; lastKnownFileType = sourcecode.swift; path = BreedPhotoCellSnapshotTests.swift; sourceTree = "<group>"; };
		6DFE80C62636244C00FA95F1 /* BreedListViewControllerSnapshotTests.swift */ = {isa = PBXFileReference; lastKnownFileType = sourcecode.swift; path = BreedListViewControllerSnapshotTests.swift; sourceTree = "<group>"; };
		6DFE80CC263625D000FA95F1 /* BreedPhotosViewControllerSnapshotTests.swift */ = {isa = PBXFileReference; lastKnownFileType = sourcecode.swift; path = BreedPhotosViewControllerSnapshotTests.swift; sourceTree = "<group>"; };
		6DFE80D2263626D900FA95F1 /* MockImages.xcassets */ = {isa = PBXFileReference; lastKnownFileType = folder.assetcatalog; path = MockImages.xcassets; sourceTree = "<group>"; };
/* End PBXFileReference section */

/* Begin PBXFrameworksBuildPhase section */
		6D268323262F7E35007591E2 /* Frameworks */ = {
			isa = PBXFrameworksBuildPhase;
			buildActionMask = 2147483647;
			files = (
			);
			runOnlyForDeploymentPostprocessing = 0;
		};
		6D268339262F7E36007591E2 /* Frameworks */ = {
			isa = PBXFrameworksBuildPhase;
			buildActionMask = 2147483647;
			files = (
			);
			runOnlyForDeploymentPostprocessing = 0;
		};
		6D268344262F7E36007591E2 /* Frameworks */ = {
			isa = PBXFrameworksBuildPhase;
			buildActionMask = 2147483647;
			files = (
			);
			runOnlyForDeploymentPostprocessing = 0;
		};
		6DFE808A2636218400FA95F1 /* Frameworks */ = {
			isa = PBXFrameworksBuildPhase;
			buildActionMask = 2147483647;
			files = (
				6DFE80B72636223000FA95F1 /* SnapshotTesting in Frameworks */,
			);
			runOnlyForDeploymentPostprocessing = 0;
		};
/* End PBXFrameworksBuildPhase section */

/* Begin PBXGroup section */
		6D26831D262F7E35007591E2 = {
			isa = PBXGroup;
			children = (
				6D268328262F7E35007591E2 /* TikDog */,
				6D26833F262F7E36007591E2 /* TikDogTests */,
				6DFE808E2636218400FA95F1 /* TikDogSnapshotTests */,
				6D26834A262F7E36007591E2 /* TikDogUITests */,
				6D268327262F7E35007591E2 /* Products */,
			);
			sourceTree = "<group>";
		};
		6D268327262F7E35007591E2 /* Products */ = {
			isa = PBXGroup;
			children = (
				6D268326262F7E35007591E2 /* TikDog.app */,
				6D26833C262F7E36007591E2 /* TikDogTests.xctest */,
				6D268347262F7E36007591E2 /* TikDogUITests.xctest */,
				6DFE808D2636218400FA95F1 /* TikDogSnapshotTests.xctest */,
			);
			name = Products;
			sourceTree = "<group>";
		};
		6D268328262F7E35007591E2 /* TikDog */ = {
			isa = PBXGroup;
			children = (
				6D404F402630E20C00ED67CF /* App */,
				6D404F482630E28000ED67CF /* Services */,
				6D9163DF2635D4CF00A957F3 /* Shared Models */,
				6D9163D62635D47200A957F3 /* Shared Views */,
				6D404F412630E21E00ED67CF /* Breed List Screen */,
				6D404F472630E26600ED67CF /* Breed Photos Screen */,
				6D268332262F7E35007591E2 /* Assets.xcassets */,
				6D268337262F7E35007591E2 /* Info.plist */,
				6D268334262F7E35007591E2 /* LaunchScreen.storyboard */,
			);
			path = TikDog;
			sourceTree = "<group>";
		};
		6D26833F262F7E36007591E2 /* TikDogTests */ = {
			isa = PBXGroup;
			children = (
				6DFE7FFA2635EE1300FA95F1 /* App */,
				6DFE7FFB2635EE1B00FA95F1 /* Shared Models */,
				6DFE80212635F6A700FA95F1 /* Shared Views */,
				6DFE802A2635FA4400FA95F1 /* Breed List Screen */,
				6DFE804426360C7000FA95F1 /* Breed Photos Screen */,
				6D268367262F80CD007591E2 /* DogAPIServiceTests.swift */,
				6D268342262F7E36007591E2 /* Info.plist */,
			);
			path = TikDogTests;
			sourceTree = "<group>";
		};
		6D26834A262F7E36007591E2 /* TikDogUITests */ = {
			isa = PBXGroup;
			children = (
				6D26834B262F7E36007591E2 /* TikDogUITests.swift */,
				6D26834D262F7E36007591E2 /* Info.plist */,
			);
			path = TikDogUITests;
			sourceTree = "<group>";
		};
		6D404F402630E20C00ED67CF /* App */ = {
			isa = PBXGroup;
			children = (
				6D404F362630E11B00ED67CF /* App.swift */,
				6D268329262F7E35007591E2 /* AppDelegate.swift */,
				6D26832B262F7E35007591E2 /* SceneDelegate.swift */,
			);
			path = App;
			sourceTree = "<group>";
		};
		6D404F412630E21E00ED67CF /* Breed List Screen */ = {
			isa = PBXGroup;
			children = (
				6D75EFBA26359C52003D09F3 /* Cells */,
				6D9163D12635CDDD00A957F3 /* BreedListDataSource.swift */,
				6D26832D262F7E35007591E2 /* BreedListViewController.swift */,
			);
			path = "Breed List Screen";
			sourceTree = "<group>";
		};
		6D404F472630E26600ED67CF /* Breed Photos Screen */ = {
			isa = PBXGroup;
			children = (
				6D75EFBB26359C61003D09F3 /* Cells */,
				6D75EFA4263399C9003D09F3 /* BreedPhotosDataSource.swift */,
				6D26836C262F8152007591E2 /* BreedPhotosViewController.swift */,
				6D9163C02635CB9000A957F3 /* BreedPhotosViewController+collectionLayout.swift */,
				6DFE805E2636156400FA95F1 /* PhotoPage.swift */,
			);
			path = "Breed Photos Screen";
			sourceTree = "<group>";
		};
		6D404F482630E28000ED67CF /* Services */ = {
			isa = PBXGroup;
			children = (
				6D75EF95263393F9003D09F3 /* ImageLoader.swift */,
				6D268362262F80C0007591E2 /* WebService.swift */,
				6DA918512635D52F00810234 /* WebService+mocks.swift */,
			);
			path = Services;
			sourceTree = "<group>";
		};
		6D75EFBA26359C52003D09F3 /* Cells */ = {
			isa = PBXGroup;
			children = (
				6D404F2C2630A7D300ED67CF /* BreedCell.swift */,
				6D404F422630E24500ED67CF /* ErrorMessageCell.swift */,
			);
			path = Cells;
			sourceTree = "<group>";
		};
		6D75EFBB26359C61003D09F3 /* Cells */ = {
			isa = PBXGroup;
			children = (
				6D75EF9A263398E6003D09F3 /* BreedPhotoCell.swift */,
				6D00E9662635A9B8008EF6A1 /* BreedPhotoErrorCell.swift */,
			);
			path = Cells;
			sourceTree = "<group>";
		};
		6D9163D62635D47200A957F3 /* Shared Views */ = {
			isa = PBXGroup;
			children = (
				6D75EFB526359BE6003D09F3 /* ShimmerView.swift */,
				6D9163D72635D48E00A957F3 /* ErrorView.swift */,
			);
			path = "Shared Views";
			sourceTree = "<group>";
		};
		6D9163DF2635D4CF00A957F3 /* Shared Models */ = {
			isa = PBXGroup;
			children = (
				6D404F3B2630E1E700ED67CF /* Breed.swift */,
				6DFE80042635EED800FA95F1 /* BreedListResponse.swift */,
				6D9163E02635D4EB00A957F3 /* Loadable.swift */,
				6DA918622635E2FA00810234 /* PhotoItem.swift */,
			);
			path = "Shared Models";
			sourceTree = "<group>";
		};
		6DFE7FFA2635EE1300FA95F1 /* App */ = {
			isa = PBXGroup;
			children = (
				6DFE7FF22635E8DF00FA95F1 /* AppTests.swift */,
			);
			path = App;
			sourceTree = "<group>";
		};
		6DFE7FFB2635EE1B00FA95F1 /* Shared Models */ = {
			isa = PBXGroup;
			children = (
				6DFE80092635EEF200FA95F1 /* BreedListResponseTests.swift */,
				6DFE7FFC2635EE2A00FA95F1 /* BreedTests.swift */,
			);
			path = "Shared Models";
			sourceTree = "<group>";
		};
		6DFE80212635F6A700FA95F1 /* Shared Views */ = {
			isa = PBXGroup;
			children = (
				6DFE801C2635F1C300FA95F1 /* ShimmerViewTests.swift */,
				6DFE80222635F6D900FA95F1 /* ErrorViewTests.swift */,
			);
			path = "Shared Views";
			sourceTree = "<group>";
		};
		6DFE802A2635FA4400FA95F1 /* Breed List Screen */ = {
			isa = PBXGroup;
			children = (
				6DFE802B2635FA4B00FA95F1 /* Cells */,
				6DFE80392635FB8200FA95F1 /* BreedListViewControllerTests.swift */,
				6DFE803E263606C900FA95F1 /* BreedListDataSourceTests.swift */,
			);
			path = "Breed List Screen";
			sourceTree = "<group>";
		};
		6DFE802B2635FA4B00FA95F1 /* Cells */ = {
			isa = PBXGroup;
			children = (
				6DFE802C2635FA5900FA95F1 /* BreedCellTests.swift */,
				6DFE80342635FACD00FA95F1 /* ErrorMessageCellTests.swift */,
			);
			path = Cells;
			sourceTree = "<group>";
		};
		6DFE804426360C7000FA95F1 /* Breed Photos Screen */ = {
			isa = PBXGroup;
			children = (
				6DFE804526360C7700FA95F1 /* Cells */,
				6DFE805426360EB700FA95F1 /* BreedPhotosViewControllerTests.swift */,
				6DFE80592636126E00FA95F1 /* BreedPhotosDataSourceTests.swift */,
				6DFE807326361C9C00FA95F1 /* PhotoPageTests.swift */,
			);
			path = "Breed Photos Screen";
			sourceTree = "<group>";
		};
		6DFE804526360C7700FA95F1 /* Cells */ = {
			isa = PBXGroup;
			children = (
				6DFE804626360C8100FA95F1 /* BreedPhotoErrorCellTests.swift */,
			);
			path = Cells;
			sourceTree = "<group>";
		};
		6DFE808E2636218400FA95F1 /* TikDogSnapshotTests */ = {
			isa = PBXGroup;
			children = (
				6DFE808426361FB800FA95F1 /* BreedPhotoErrorCellSnapshotTests.swift */,
				6DFE80BC2636228A00FA95F1 /* BreedPhotoCellSnapshotTests.swift */,
				6DFE80C62636244C00FA95F1 /* BreedListViewControllerSnapshotTests.swift */,
				6DFE80CC263625D000FA95F1 /* BreedPhotosViewControllerSnapshotTests.swift */,
				6DFE80912636218400FA95F1 /* Info.plist */,
				6DFE80D2263626D900FA95F1 /* MockImages.xcassets */,
			);
			path = TikDogSnapshotTests;
			sourceTree = "<group>";
		};
/* End PBXGroup section */

/* Begin PBXNativeTarget section */
		6D268325262F7E35007591E2 /* TikDog */ = {
			isa = PBXNativeTarget;
			buildConfigurationList = 6D268350262F7E36007591E2 /* Build configuration list for PBXNativeTarget "TikDog" */;
			buildPhases = (
				6D268322262F7E35007591E2 /* Sources */,
				6D268323262F7E35007591E2 /* Frameworks */,
				6D268324262F7E35007591E2 /* Resources */,
			);
			buildRules = (
			);
			dependencies = (
			);
			name = TikDog;
			packageProductDependencies = (
			);
			productName = TikDog;
			productReference = 6D268326262F7E35007591E2 /* TikDog.app */;
			productType = "com.apple.product-type.application";
		};
		6D26833B262F7E36007591E2 /* TikDogTests */ = {
			isa = PBXNativeTarget;
			buildConfigurationList = 6D268353262F7E36007591E2 /* Build configuration list for PBXNativeTarget "TikDogTests" */;
			buildPhases = (
				6D268338262F7E36007591E2 /* Sources */,
				6D268339262F7E36007591E2 /* Frameworks */,
				6D26833A262F7E36007591E2 /* Resources */,
			);
			buildRules = (
			);
			dependencies = (
				6D26833E262F7E36007591E2 /* PBXTargetDependency */,
			);
			name = TikDogTests;
			packageProductDependencies = (
			);
			productName = TikDogTests;
			productReference = 6D26833C262F7E36007591E2 /* TikDogTests.xctest */;
			productType = "com.apple.product-type.bundle.unit-test";
		};
		6D268346262F7E36007591E2 /* TikDogUITests */ = {
			isa = PBXNativeTarget;
			buildConfigurationList = 6D268356262F7E36007591E2 /* Build configuration list for PBXNativeTarget "TikDogUITests" */;
			buildPhases = (
				6D268343262F7E36007591E2 /* Sources */,
				6D268344262F7E36007591E2 /* Frameworks */,
				6D268345262F7E36007591E2 /* Resources */,
			);
			buildRules = (
			);
			dependencies = (
				6D268349262F7E36007591E2 /* PBXTargetDependency */,
			);
			name = TikDogUITests;
			productName = TikDogUITests;
			productReference = 6D268347262F7E36007591E2 /* TikDogUITests.xctest */;
			productType = "com.apple.product-type.bundle.ui-testing";
		};
		6DFE808C2636218400FA95F1 /* TikDogSnapshotTests */ = {
			isa = PBXNativeTarget;
			buildConfigurationList = 6DFE80942636218400FA95F1 /* Build configuration list for PBXNativeTarget "TikDogSnapshotTests" */;
			buildPhases = (
				6DFE80892636218400FA95F1 /* Sources */,
				6DFE808A2636218400FA95F1 /* Frameworks */,
				6DFE808B2636218400FA95F1 /* Resources */,
			);
			buildRules = (
			);
			dependencies = (
				6DFE80932636218400FA95F1 /* PBXTargetDependency */,
			);
			name = TikDogSnapshotTests;
			packageProductDependencies = (
				6DFE80B62636223000FA95F1 /* SnapshotTesting */,
			);
			productName = TikDogSnapshotTests;
			productReference = 6DFE808D2636218400FA95F1 /* TikDogSnapshotTests.xctest */;
			productType = "com.apple.product-type.bundle.unit-test";
		};
/* End PBXNativeTarget section */

/* Begin PBXProject section */
		6D26831E262F7E35007591E2 /* Project object */ = {
			isa = PBXProject;
			attributes = {
				LastSwiftUpdateCheck = 1240;
				LastUpgradeCheck = 1240;
				TargetAttributes = {
					6D268325262F7E35007591E2 = {
						CreatedOnToolsVersion = 12.4;
					};
					6D26833B262F7E36007591E2 = {
						CreatedOnToolsVersion = 12.4;
						TestTargetID = 6D268325262F7E35007591E2;
					};
					6D268346262F7E36007591E2 = {
						CreatedOnToolsVersion = 12.4;
						TestTargetID = 6D268325262F7E35007591E2;
					};
					6DFE808C2636218400FA95F1 = {
						CreatedOnToolsVersion = 12.4;
						TestTargetID = 6D268325262F7E35007591E2;
					};
				};
			};
			buildConfigurationList = 6D268321262F7E35007591E2 /* Build configuration list for PBXProject "TikDog" */;
			compatibilityVersion = "Xcode 9.3";
			developmentRegion = en;
			hasScannedForEncodings = 0;
			knownRegions = (
				en,
				Base,
			);
			mainGroup = 6D26831D262F7E35007591E2;
			packageReferences = (
				6DFE80B52636223000FA95F1 /* XCRemoteSwiftPackageReference "swift-snapshot-testing" */,
			);
			productRefGroup = 6D268327262F7E35007591E2 /* Products */;
			projectDirPath = "";
			projectRoot = "";
			targets = (
				6D268325262F7E35007591E2 /* TikDog */,
				6D26833B262F7E36007591E2 /* TikDogTests */,
				6D268346262F7E36007591E2 /* TikDogUITests */,
				6DFE808C2636218400FA95F1 /* TikDogSnapshotTests */,
			);
		};
/* End PBXProject section */

/* Begin PBXResourcesBuildPhase section */
		6D268324262F7E35007591E2 /* Resources */ = {
			isa = PBXResourcesBuildPhase;
			buildActionMask = 2147483647;
			files = (
				6D268336262F7E35007591E2 /* LaunchScreen.storyboard in Resources */,
				6D268333262F7E35007591E2 /* Assets.xcassets in Resources */,
			);
			runOnlyForDeploymentPostprocessing = 0;
		};
		6D26833A262F7E36007591E2 /* Resources */ = {
			isa = PBXResourcesBuildPhase;
			buildActionMask = 2147483647;
			files = (
			);
			runOnlyForDeploymentPostprocessing = 0;
		};
		6D268345262F7E36007591E2 /* Resources */ = {
			isa = PBXResourcesBuildPhase;
			buildActionMask = 2147483647;
			files = (
			);
			runOnlyForDeploymentPostprocessing = 0;
		};
		6DFE808B2636218400FA95F1 /* Resources */ = {
			isa = PBXResourcesBuildPhase;
			buildActionMask = 2147483647;
			files = (
				6DFE80D3263626D900FA95F1 /* MockImages.xcassets in Resources */,
			);
			runOnlyForDeploymentPostprocessing = 0;
		};
/* End PBXResourcesBuildPhase section */

/* Begin PBXSourcesBuildPhase section */
		6D268322262F7E35007591E2 /* Sources */ = {
			isa = PBXSourcesBuildPhase;
			buildActionMask = 2147483647;
			files = (
				6D404F3C2630E1E700ED67CF /* Breed.swift in Sources */,
				6D26832E262F7E35007591E2 /* BreedListViewController.swift in Sources */,
				6D9163C12635CB9000A957F3 /* BreedPhotosViewController+collectionLayout.swift in Sources */,
				6DFE80052635EED800FA95F1 /* BreedListResponse.swift in Sources */,
				6D75EF96263393F9003D09F3 /* ImageLoader.swift in Sources */,
				6D9163D82635D48E00A957F3 /* ErrorView.swift in Sources */,
				6D26836D262F8152007591E2 /* BreedPhotosViewController.swift in Sources */,
				6D75EFA5263399C9003D09F3 /* BreedPhotosDataSource.swift in Sources */,
				6D404F2D2630A7D300ED67CF /* BreedCell.swift in Sources */,
				6D9163D22635CDDD00A957F3 /* BreedListDataSource.swift in Sources */,
				6DA918522635D52F00810234 /* WebService+mocks.swift in Sources */,
				6D26832A262F7E35007591E2 /* AppDelegate.swift in Sources */,
				6D26832C262F7E35007591E2 /* SceneDelegate.swift in Sources */,
				6DA918632635E2FA00810234 /* PhotoItem.swift in Sources */,
				6D404F432630E24500ED67CF /* ErrorMessageCell.swift in Sources */,
				6D00E9672635A9B8008EF6A1 /* BreedPhotoErrorCell.swift in Sources */,
				6DFE806C263615E500FA95F1 /* PhotoPage.swift in Sources */,
				6D404F372630E11B00ED67CF /* App.swift in Sources */,
				6D75EFB626359BE6003D09F3 /* ShimmerView.swift in Sources */,
				6D9163E12635D4EB00A957F3 /* Loadable.swift in Sources */,
				6D268363262F80C0007591E2 /* WebService.swift in Sources */,
				6D75EF9B263398E6003D09F3 /* BreedPhotoCell.swift in Sources */,
			);
			runOnlyForDeploymentPostprocessing = 0;
		};
		6D268338262F7E36007591E2 /* Sources */ = {
			isa = PBXSourcesBuildPhase;
			buildActionMask = 2147483647;
			files = (
				6DFE807426361C9C00FA95F1 /* PhotoPageTests.swift in Sources */,
				6DFE800A2635EEF200FA95F1 /* BreedListResponseTests.swift in Sources */,
				6DFE803F263606C900FA95F1 /* BreedListDataSourceTests.swift in Sources */,
				6DFE805A2636126E00FA95F1 /* BreedPhotosDataSourceTests.swift in Sources */,
				6DFE7FFD2635EE2A00FA95F1 /* BreedTests.swift in Sources */,
				6DFE804726360C8100FA95F1 /* BreedPhotoErrorCellTests.swift in Sources */,
				6DFE803A2635FB8200FA95F1 /* BreedListViewControllerTests.swift in Sources */,
				6D268368262F80CD007591E2 /* DogAPIServiceTests.swift in Sources */,
				6DFE802D2635FA5900FA95F1 /* BreedCellTests.swift in Sources */,
				6DFE805526360EB700FA95F1 /* BreedPhotosViewControllerTests.swift in Sources */,
				6DFE80352635FACD00FA95F1 /* ErrorMessageCellTests.swift in Sources */,
				6DFE801D2635F1C300FA95F1 /* ShimmerViewTests.swift in Sources */,
				6DFE80232635F6D900FA95F1 /* ErrorViewTests.swift in Sources */,
				6DFE7FF32635E8DF00FA95F1 /* AppTests.swift in Sources */,
			);
			runOnlyForDeploymentPostprocessing = 0;
		};
		6D268343262F7E36007591E2 /* Sources */ = {
			isa = PBXSourcesBuildPhase;
			buildActionMask = 2147483647;
			files = (
				6D26834C262F7E36007591E2 /* TikDogUITests.swift in Sources */,
			);
			runOnlyForDeploymentPostprocessing = 0;
		};
		6DFE80892636218400FA95F1 /* Sources */ = {
			isa = PBXSourcesBuildPhase;
			buildActionMask = 2147483647;
			files = (
				6DFE80CD263625D000FA95F1 /* BreedPhotosViewControllerSnapshotTests.swift in Sources */,
				6DFE80B0263621FA00FA95F1 /* BreedPhotoErrorCellSnapshotTests.swift in Sources */,
				6DFE80C72636244C00FA95F1 /* BreedListViewControllerSnapshotTests.swift in Sources */,
				6DFE80BD2636228A00FA95F1 /* BreedPhotoCellSnapshotTests.swift in Sources */,
			);
			runOnlyForDeploymentPostprocessing = 0;
		};
/* End PBXSourcesBuildPhase section */

/* Begin PBXTargetDependency section */
		6D26833E262F7E36007591E2 /* PBXTargetDependency */ = {
			isa = PBXTargetDependency;
			target = 6D268325262F7E35007591E2 /* TikDog */;
			targetProxy = 6D26833D262F7E36007591E2 /* PBXContainerItemProxy */;
		};
		6D268349262F7E36007591E2 /* PBXTargetDependency */ = {
			isa = PBXTargetDependency;
			target = 6D268325262F7E35007591E2 /* TikDog */;
			targetProxy = 6D268348262F7E36007591E2 /* PBXContainerItemProxy */;
		};
		6DFE80932636218400FA95F1 /* PBXTargetDependency */ = {
			isa = PBXTargetDependency;
			target = 6D268325262F7E35007591E2 /* TikDog */;
			targetProxy = 6DFE80922636218400FA95F1 /* PBXContainerItemProxy */;
		};
/* End PBXTargetDependency section */

/* Begin PBXVariantGroup section */
		6D268334262F7E35007591E2 /* LaunchScreen.storyboard */ = {
			isa = PBXVariantGroup;
			children = (
				6D268335262F7E35007591E2 /* Base */,
			);
			name = LaunchScreen.storyboard;
			sourceTree = "<group>";
		};
/* End PBXVariantGroup section */

/* Begin XCBuildConfiguration section */
		6D26834E262F7E36007591E2 /* Debug */ = {
			isa = XCBuildConfiguration;
			buildSettings = {
				ALWAYS_SEARCH_USER_PATHS = NO;
				CLANG_ANALYZER_NONNULL = YES;
				CLANG_ANALYZER_NUMBER_OBJECT_CONVERSION = YES_AGGRESSIVE;
				CLANG_CXX_LANGUAGE_STANDARD = "gnu++14";
				CLANG_CXX_LIBRARY = "libc++";
				CLANG_ENABLE_MODULES = YES;
				CLANG_ENABLE_OBJC_ARC = YES;
				CLANG_ENABLE_OBJC_WEAK = YES;
				CLANG_WARN_BLOCK_CAPTURE_AUTORELEASING = YES;
				CLANG_WARN_BOOL_CONVERSION = YES;
				CLANG_WARN_COMMA = YES;
				CLANG_WARN_CONSTANT_CONVERSION = YES;
				CLANG_WARN_DEPRECATED_OBJC_IMPLEMENTATIONS = YES;
				CLANG_WARN_DIRECT_OBJC_ISA_USAGE = YES_ERROR;
				CLANG_WARN_DOCUMENTATION_COMMENTS = YES;
				CLANG_WARN_EMPTY_BODY = YES;
				CLANG_WARN_ENUM_CONVERSION = YES;
				CLANG_WARN_INFINITE_RECURSION = YES;
				CLANG_WARN_INT_CONVERSION = YES;
				CLANG_WARN_NON_LITERAL_NULL_CONVERSION = YES;
				CLANG_WARN_OBJC_IMPLICIT_RETAIN_SELF = YES;
				CLANG_WARN_OBJC_LITERAL_CONVERSION = YES;
				CLANG_WARN_OBJC_ROOT_CLASS = YES_ERROR;
				CLANG_WARN_QUOTED_INCLUDE_IN_FRAMEWORK_HEADER = YES;
				CLANG_WARN_RANGE_LOOP_ANALYSIS = YES;
				CLANG_WARN_STRICT_PROTOTYPES = YES;
				CLANG_WARN_SUSPICIOUS_MOVE = YES;
				CLANG_WARN_UNGUARDED_AVAILABILITY = YES_AGGRESSIVE;
				CLANG_WARN_UNREACHABLE_CODE = YES;
				CLANG_WARN__DUPLICATE_METHOD_MATCH = YES;
				COPY_PHASE_STRIP = NO;
				DEBUG_INFORMATION_FORMAT = dwarf;
				ENABLE_STRICT_OBJC_MSGSEND = YES;
				ENABLE_TESTABILITY = YES;
				GCC_C_LANGUAGE_STANDARD = gnu11;
				GCC_DYNAMIC_NO_PIC = NO;
				GCC_NO_COMMON_BLOCKS = YES;
				GCC_OPTIMIZATION_LEVEL = 0;
				GCC_PREPROCESSOR_DEFINITIONS = (
					"DEBUG=1",
					"$(inherited)",
				);
				GCC_WARN_64_TO_32_BIT_CONVERSION = YES;
				GCC_WARN_ABOUT_RETURN_TYPE = YES_ERROR;
				GCC_WARN_UNDECLARED_SELECTOR = YES;
				GCC_WARN_UNINITIALIZED_AUTOS = YES_AGGRESSIVE;
				GCC_WARN_UNUSED_FUNCTION = YES;
				GCC_WARN_UNUSED_VARIABLE = YES;
				IPHONEOS_DEPLOYMENT_TARGET = 14.4;
				MTL_ENABLE_DEBUG_INFO = INCLUDE_SOURCE;
				MTL_FAST_MATH = YES;
				ONLY_ACTIVE_ARCH = YES;
				SDKROOT = iphoneos;
				SWIFT_ACTIVE_COMPILATION_CONDITIONS = DEBUG;
				SWIFT_OPTIMIZATION_LEVEL = "-Onone";
			};
			name = Debug;
		};
		6D26834F262F7E36007591E2 /* Release */ = {
			isa = XCBuildConfiguration;
			buildSettings = {
				ALWAYS_SEARCH_USER_PATHS = NO;
				CLANG_ANALYZER_NONNULL = YES;
				CLANG_ANALYZER_NUMBER_OBJECT_CONVERSION = YES_AGGRESSIVE;
				CLANG_CXX_LANGUAGE_STANDARD = "gnu++14";
				CLANG_CXX_LIBRARY = "libc++";
				CLANG_ENABLE_MODULES = YES;
				CLANG_ENABLE_OBJC_ARC = YES;
				CLANG_ENABLE_OBJC_WEAK = YES;
				CLANG_WARN_BLOCK_CAPTURE_AUTORELEASING = YES;
				CLANG_WARN_BOOL_CONVERSION = YES;
				CLANG_WARN_COMMA = YES;
				CLANG_WARN_CONSTANT_CONVERSION = YES;
				CLANG_WARN_DEPRECATED_OBJC_IMPLEMENTATIONS = YES;
				CLANG_WARN_DIRECT_OBJC_ISA_USAGE = YES_ERROR;
				CLANG_WARN_DOCUMENTATION_COMMENTS = YES;
				CLANG_WARN_EMPTY_BODY = YES;
				CLANG_WARN_ENUM_CONVERSION = YES;
				CLANG_WARN_INFINITE_RECURSION = YES;
				CLANG_WARN_INT_CONVERSION = YES;
				CLANG_WARN_NON_LITERAL_NULL_CONVERSION = YES;
				CLANG_WARN_OBJC_IMPLICIT_RETAIN_SELF = YES;
				CLANG_WARN_OBJC_LITERAL_CONVERSION = YES;
				CLANG_WARN_OBJC_ROOT_CLASS = YES_ERROR;
				CLANG_WARN_QUOTED_INCLUDE_IN_FRAMEWORK_HEADER = YES;
				CLANG_WARN_RANGE_LOOP_ANALYSIS = YES;
				CLANG_WARN_STRICT_PROTOTYPES = YES;
				CLANG_WARN_SUSPICIOUS_MOVE = YES;
				CLANG_WARN_UNGUARDED_AVAILABILITY = YES_AGGRESSIVE;
				CLANG_WARN_UNREACHABLE_CODE = YES;
				CLANG_WARN__DUPLICATE_METHOD_MATCH = YES;
				COPY_PHASE_STRIP = NO;
				DEBUG_INFORMATION_FORMAT = "dwarf-with-dsym";
				ENABLE_NS_ASSERTIONS = NO;
				ENABLE_STRICT_OBJC_MSGSEND = YES;
				GCC_C_LANGUAGE_STANDARD = gnu11;
				GCC_NO_COMMON_BLOCKS = YES;
				GCC_WARN_64_TO_32_BIT_CONVERSION = YES;
				GCC_WARN_ABOUT_RETURN_TYPE = YES_ERROR;
				GCC_WARN_UNDECLARED_SELECTOR = YES;
				GCC_WARN_UNINITIALIZED_AUTOS = YES_AGGRESSIVE;
				GCC_WARN_UNUSED_FUNCTION = YES;
				GCC_WARN_UNUSED_VARIABLE = YES;
				IPHONEOS_DEPLOYMENT_TARGET = 14.4;
				MTL_ENABLE_DEBUG_INFO = NO;
				MTL_FAST_MATH = YES;
				SDKROOT = iphoneos;
				SWIFT_COMPILATION_MODE = wholemodule;
				SWIFT_OPTIMIZATION_LEVEL = "-O";
				VALIDATE_PRODUCT = YES;
			};
			name = Release;
		};
		6D268351262F7E36007591E2 /* Debug */ = {
			isa = XCBuildConfiguration;
			buildSettings = {
				ASSETCATALOG_COMPILER_APPICON_NAME = AppIcon;
				ASSETCATALOG_COMPILER_GLOBAL_ACCENT_COLOR_NAME = AccentColor;
				CODE_SIGN_STYLE = Automatic;
				DEVELOPMENT_TEAM = 5W472JMF9F;
				INFOPLIST_FILE = TikDog/Info.plist;
				IPHONEOS_DEPLOYMENT_TARGET = 13.0;
				LD_RUNPATH_SEARCH_PATHS = (
					"$(inherited)",
					"@executable_path/Frameworks",
				);
				PRODUCT_BUNDLE_IDENTIFIER = anastasia.petrova.TikDog;
				PRODUCT_NAME = "$(TARGET_NAME)";
				SWIFT_VERSION = 5.0;
				TARGETED_DEVICE_FAMILY = 1;
			};
			name = Debug;
		};
		6D268352262F7E36007591E2 /* Release */ = {
			isa = XCBuildConfiguration;
			buildSettings = {
				ASSETCATALOG_COMPILER_APPICON_NAME = AppIcon;
				ASSETCATALOG_COMPILER_GLOBAL_ACCENT_COLOR_NAME = AccentColor;
				CODE_SIGN_STYLE = Automatic;
				DEVELOPMENT_TEAM = 5W472JMF9F;
				INFOPLIST_FILE = TikDog/Info.plist;
				IPHONEOS_DEPLOYMENT_TARGET = 13.0;
				LD_RUNPATH_SEARCH_PATHS = (
					"$(inherited)",
					"@executable_path/Frameworks",
				);
				PRODUCT_BUNDLE_IDENTIFIER = anastasia.petrova.TikDog;
				PRODUCT_NAME = "$(TARGET_NAME)";
				SWIFT_VERSION = 5.0;
				TARGETED_DEVICE_FAMILY = 1;
			};
			name = Release;
		};
		6D268354262F7E36007591E2 /* Debug */ = {
			isa = XCBuildConfiguration;
			buildSettings = {
				ALWAYS_EMBED_SWIFT_STANDARD_LIBRARIES = YES;
				BUNDLE_LOADER = "$(TEST_HOST)";
				CODE_SIGN_STYLE = Automatic;
				INFOPLIST_FILE = TikDogTests/Info.plist;
				IPHONEOS_DEPLOYMENT_TARGET = 14.4;
				LD_RUNPATH_SEARCH_PATHS = (
					"$(inherited)",
					"@executable_path/Frameworks",
					"@loader_path/Frameworks",
				);
				PRODUCT_BUNDLE_IDENTIFIER = anastasia.petrova.TikDogTests;
				PRODUCT_NAME = "$(TARGET_NAME)";
				SWIFT_VERSION = 5.0;
				TARGETED_DEVICE_FAMILY = "1,2";
				TEST_HOST = "$(BUILT_PRODUCTS_DIR)/TikDog.app/TikDog";
			};
			name = Debug;
		};
		6D268355262F7E36007591E2 /* Release */ = {
			isa = XCBuildConfiguration;
			buildSettings = {
				ALWAYS_EMBED_SWIFT_STANDARD_LIBRARIES = YES;
				BUNDLE_LOADER = "$(TEST_HOST)";
				CODE_SIGN_STYLE = Automatic;
				INFOPLIST_FILE = TikDogTests/Info.plist;
				IPHONEOS_DEPLOYMENT_TARGET = 14.4;
				LD_RUNPATH_SEARCH_PATHS = (
					"$(inherited)",
					"@executable_path/Frameworks",
					"@loader_path/Frameworks",
				);
				PRODUCT_BUNDLE_IDENTIFIER = anastasia.petrova.TikDogTests;
				PRODUCT_NAME = "$(TARGET_NAME)";
				SWIFT_VERSION = 5.0;
				TARGETED_DEVICE_FAMILY = "1,2";
				TEST_HOST = "$(BUILT_PRODUCTS_DIR)/TikDog.app/TikDog";
			};
			name = Release;
		};
		6D268357262F7E36007591E2 /* Debug */ = {
			isa = XCBuildConfiguration;
			buildSettings = {
				ALWAYS_EMBED_SWIFT_STANDARD_LIBRARIES = YES;
				CODE_SIGN_STYLE = Automatic;
				INFOPLIST_FILE = TikDogUITests/Info.plist;
				LD_RUNPATH_SEARCH_PATHS = (
					"$(inherited)",
					"@executable_path/Frameworks",
					"@loader_path/Frameworks",
				);
				PRODUCT_BUNDLE_IDENTIFIER = anastasia.petrova.TikDogUITests;
				PRODUCT_NAME = "$(TARGET_NAME)";
				SWIFT_VERSION = 5.0;
				TARGETED_DEVICE_FAMILY = "1,2";
				TEST_TARGET_NAME = TikDog;
			};
			name = Debug;
		};
		6D268358262F7E36007591E2 /* Release */ = {
			isa = XCBuildConfiguration;
			buildSettings = {
				ALWAYS_EMBED_SWIFT_STANDARD_LIBRARIES = YES;
				CODE_SIGN_STYLE = Automatic;
				INFOPLIST_FILE = TikDogUITests/Info.plist;
				LD_RUNPATH_SEARCH_PATHS = (
					"$(inherited)",
					"@executable_path/Frameworks",
					"@loader_path/Frameworks",
				);
				PRODUCT_BUNDLE_IDENTIFIER = anastasia.petrova.TikDogUITests;
				PRODUCT_NAME = "$(TARGET_NAME)";
				SWIFT_VERSION = 5.0;
				TARGETED_DEVICE_FAMILY = "1,2";
				TEST_TARGET_NAME = TikDog;
			};
			name = Release;
		};
		6DFE80952636218400FA95F1 /* Debug */ = {
			isa = XCBuildConfiguration;
			buildSettings = {
				BUNDLE_LOADER = "$(TEST_HOST)";
				CODE_SIGN_STYLE = Automatic;
				INFOPLIST_FILE = TikDogSnapshotTests/Info.plist;
				LD_RUNPATH_SEARCH_PATHS = (
					"$(inherited)",
					"@executable_path/Frameworks",
					"@loader_path/Frameworks",
				);
				PRODUCT_BUNDLE_IDENTIFIER = anastasia.petrova.TikDogSnapshotTests;
				PRODUCT_NAME = "$(TARGET_NAME)";
				SWIFT_VERSION = 5.0;
				TARGETED_DEVICE_FAMILY = "1,2";
				TEST_HOST = "$(BUILT_PRODUCTS_DIR)/TikDog.app/TikDog";
			};
			name = Debug;
		};
		6DFE80962636218400FA95F1 /* Release */ = {
			isa = XCBuildConfiguration;
			buildSettings = {
				BUNDLE_LOADER = "$(TEST_HOST)";
				CODE_SIGN_STYLE = Automatic;
				INFOPLIST_FILE = TikDogSnapshotTests/Info.plist;
				LD_RUNPATH_SEARCH_PATHS = (
					"$(inherited)",
					"@executable_path/Frameworks",
					"@loader_path/Frameworks",
				);
				PRODUCT_BUNDLE_IDENTIFIER = anastasia.petrova.TikDogSnapshotTests;
				PRODUCT_NAME = "$(TARGET_NAME)";
				SWIFT_VERSION = 5.0;
				TARGETED_DEVICE_FAMILY = "1,2";
				TEST_HOST = "$(BUILT_PRODUCTS_DIR)/TikDog.app/TikDog";
			};
			name = Release;
		};
/* End XCBuildConfiguration section */

/* Begin XCConfigurationList section */
		6D268321262F7E35007591E2 /* Build configuration list for PBXProject "TikDog" */ = {
			isa = XCConfigurationList;
			buildConfigurations = (
				6D26834E262F7E36007591E2 /* Debug */,
				6D26834F262F7E36007591E2 /* Release */,
			);
			defaultConfigurationIsVisible = 0;
			defaultConfigurationName = Release;
		};
		6D268350262F7E36007591E2 /* Build configuration list for PBXNativeTarget "TikDog" */ = {
			isa = XCConfigurationList;
			buildConfigurations = (
				6D268351262F7E36007591E2 /* Debug */,
				6D268352262F7E36007591E2 /* Release */,
			);
			defaultConfigurationIsVisible = 0;
			defaultConfigurationName = Release;
		};
		6D268353262F7E36007591E2 /* Build configuration list for PBXNativeTarget "TikDogTests" */ = {
			isa = XCConfigurationList;
			buildConfigurations = (
				6D268354262F7E36007591E2 /* Debug */,
				6D268355262F7E36007591E2 /* Release */,
			);
			defaultConfigurationIsVisible = 0;
			defaultConfigurationName = Release;
		};
		6D268356262F7E36007591E2 /* Build configuration list for PBXNativeTarget "TikDogUITests" */ = {
			isa = XCConfigurationList;
			buildConfigurations = (
				6D268357262F7E36007591E2 /* Debug */,
				6D268358262F7E36007591E2 /* Release */,
			);
			defaultConfigurationIsVisible = 0;
			defaultConfigurationName = Release;
		};
		6DFE80942636218400FA95F1 /* Build configuration list for PBXNativeTarget "TikDogSnapshotTests" */ = {
			isa = XCConfigurationList;
			buildConfigurations = (
				6DFE80952636218400FA95F1 /* Debug */,
				6DFE80962636218400FA95F1 /* Release */,
			);
			defaultConfigurationIsVisible = 0;
			defaultConfigurationName = Release;
		};
/* End XCConfigurationList section */

/* Begin XCRemoteSwiftPackageReference section */
		6DFE80B52636223000FA95F1 /* XCRemoteSwiftPackageReference "swift-snapshot-testing" */ = {
			isa = XCRemoteSwiftPackageReference;
			repositoryURL = "https://github.com/pointfreeco/swift-snapshot-testing.git";
			requirement = {
				kind = upToNextMajorVersion;
				minimumVersion = 1.8.2;
			};
		};
/* End XCRemoteSwiftPackageReference section */

/* Begin XCSwiftPackageProductDependency section */
		6DFE80B62636223000FA95F1 /* SnapshotTesting */ = {
			isa = XCSwiftPackageProductDependency;
			package = 6DFE80B52636223000FA95F1 /* XCRemoteSwiftPackageReference "swift-snapshot-testing" */;
			productName = SnapshotTesting;
		};
/* End XCSwiftPackageProductDependency section */
	};
	rootObject = 6D26831E262F7E35007591E2 /* Project object */;
}
